
Microsoft Visual Studio Solution File, Format Version 12.00
# Visual Studio Version 17
VisualStudioVersion = 17.3.32611.2
MinimumVisualStudioVersion = 10.0.40219.1
Project("{2150E333-8FDC-42A3-9474-1A3956D46DE8}") = "Soluction items", "Soluction items", "{200C6190-602C-4333-8252-A64E43607964}"
	ProjectSection(SolutionItems) = preProject
		.gitignore = .gitignore
		README.md = README.md
	EndProjectSection
EndProject
Project("{2150E333-8FDC-42A3-9474-1A3956D46DE8}") = "test", "test", "{BB267264-DA92-4456-9216-534795BAC7AC}"
EndProject
Project("{2150E333-8FDC-42A3-9474-1A3956D46DE8}") = "src", "src", "{1BA68149-5A11-4A38-A994-F15B2EF27890}"
EndProject
Project("{9A19103F-16F7-4668-BE54-9A1E7A4F7556}") = "CalcularTrocoUtils", "src\CalcularTrocoUtils\CalcularTrocoUtils.csproj", "{82A681DF-5859-418C-9A63-1BFAA9AEBB8B}"
EndProject
Project("{9A19103F-16F7-4668-BE54-9A1E7A4F7556}") = "CalcularTroco", "src\CalcularTroco\CalcularTroco.csproj", "{EE991BA2-C138-4D79-9510-CE79085B0335}"
EndProject
Project("{9A19103F-16F7-4668-BE54-9A1E7A4F7556}") = "CalcularTroco.Test", "test\CalcularTroco.Test\CalcularTroco.Test.csproj", "{43388593-8E0C-4D36-AF05-05C4B68792D0}"
EndProject
Global
	GlobalSection(SolutionConfigurationPlatforms) = preSolution
		Debug|Any CPU = Debug|Any CPU
		Release|Any CPU = Release|Any CPU
	EndGlobalSection
	GlobalSection(ProjectConfigurationPlatforms) = postSolution
		{82A681DF-5859-418C-9A63-1BFAA9AEBB8B}.Debug|Any CPU.ActiveCfg = Debug|Any CPU
		{82A681DF-5859-418C-9A63-1BFAA9AEBB8B}.Debug|Any CPU.Build.0 = Debug|Any CPU
		{82A681DF-5859-418C-9A63-1BFAA9AEBB8B}.Release|Any CPU.ActiveCfg = Release|Any CPU
		{82A681DF-5859-418C-9A63-1BFAA9AEBB8B}.Release|Any CPU.Build.0 = Release|Any CPU
		{EE991BA2-C138-4D79-9510-CE79085B0335}.Debug|Any CPU.ActiveCfg = Debug|Any CPU
		{EE991BA2-C138-4D79-9510-CE79085B0335}.Debug|Any CPU.Build.0 = Debug|Any CPU
		{EE991BA2-C138-4D79-9510-CE79085B0335}.Release|Any CPU.ActiveCfg = Release|Any CPU
		{EE991BA2-C138-4D79-9510-CE79085B0335}.Release|Any CPU.Build.0 = Release|Any CPU
		{43388593-8E0C-4D36-AF05-05C4B68792D0}.Debug|Any CPU.ActiveCfg = Debug|Any CPU
		{43388593-8E0C-4D36-AF05-05C4B68792D0}.Debug|Any CPU.Build.0 = Debug|Any CPU
		{43388593-8E0C-4D36-AF05-05C4B68792D0}.Release|Any CPU.ActiveCfg = Release|Any CPU
		{43388593-8E0C-4D36-AF05-05C4B68792D0}.Release|Any CPU.Build.0 = Release|Any CPU
	EndGlobalSection
	GlobalSection(SolutionProperties) = preSolution
		HideSolutionNode = FALSE
	EndGlobalSection
	GlobalSection(NestedProjects) = preSolution
		{82A681DF-5859-418C-9A63-1BFAA9AEBB8B} = {1BA68149-5A11-4A38-A994-F15B2EF27890}
		{EE991BA2-C138-4D79-9510-CE79085B0335} = {1BA68149-5A11-4A38-A994-F15B2EF27890}
		{43388593-8E0C-4D36-AF05-05C4B68792D0} = {BB267264-DA92-4456-9216-534795BAC7AC}
	EndGlobalSection
	GlobalSection(ExtensibilityGlobals) = postSolution
		SolutionGuid = {36BFFD48-E3AF-4D67-BD11-2B711C3017F1}
	EndGlobalSection
EndGlobal
